
Microsoft Visual Studio Solution File, Format Version 12.00
# Visual Studio Version 17
VisualStudioVersion = 17.0.31903.59
MinimumVisualStudioVersion = 10.0.40219.1
Project("{9A19103F-16F7-4668-BE54-9A1E7A4F7556}") = "GodotHub", "GodotHub\GodotHub.csproj", "{22D15570-5286-407B-9512-D03F9D3749D7}"
EndProject
Project("{9A19103F-16F7-4668-BE54-9A1E7A4F7556}") = "GodotHub.Tests", "GodotHub.Tests\GodotHub.Tests.csproj", "{E1B16875-A6B6-4927-B7EB-5E66CF8F60B2}"
EndProject
Project("{C7167F0D-BC9F-4E6E-AFE1-012C56B48DB5}") = "GodotHub.WindowsStore", "GodotHub.WindowsStore\GodotHub.WindowsStore.wapproj", "{8476DBF8-C67D-4489-B017-3DB3F8484795}"
EndProject
Global
	GlobalSection(SolutionConfigurationPlatforms) = preSolution
		Debug|Any CPU = Debug|Any CPU
		Debug|x64 = Debug|x64
		Debug|x86 = Debug|x86
		Release|Any CPU = Release|Any CPU
		Release|x64 = Release|x64
		Release|x86 = Release|x86
	EndGlobalSection
	GlobalSection(ProjectConfigurationPlatforms) = postSolution
		{22D15570-5286-407B-9512-D03F9D3749D7}.Debug|Any CPU.ActiveCfg = Debug|Any CPU
		{22D15570-5286-407B-9512-D03F9D3749D7}.Debug|Any CPU.Build.0 = Debug|Any CPU
		{22D15570-5286-407B-9512-D03F9D3749D7}.Debug|x64.ActiveCfg = Debug|x64
		{22D15570-5286-407B-9512-D03F9D3749D7}.Debug|x64.Build.0 = Debug|x64
		{22D15570-5286-407B-9512-D03F9D3749D7}.Debug|x86.ActiveCfg = Debug|x86
		{22D15570-5286-407B-9512-D03F9D3749D7}.Debug|x86.Build.0 = Debug|x86
		{22D15570-5286-407B-9512-D03F9D3749D7}.Release|Any CPU.ActiveCfg = Release|Any CPU
		{22D15570-5286-407B-9512-D03F9D3749D7}.Release|Any CPU.Build.0 = Release|Any CPU
		{22D15570-5286-407B-9512-D03F9D3749D7}.Release|x64.ActiveCfg = Release|x64
		{22D15570-5286-407B-9512-D03F9D3749D7}.Release|x64.Build.0 = Release|x64
		{22D15570-5286-407B-9512-D03F9D3749D7}.Release|x86.ActiveCfg = Release|x86
		{22D15570-5286-407B-9512-D03F9D3749D7}.Release|x86.Build.0 = Release|x86
		{E1B16875-A6B6-4927-B7EB-5E66CF8F60B2}.Debug|Any CPU.ActiveCfg = Debug|Any CPU
		{E1B16875-A6B6-4927-B7EB-5E66CF8F60B2}.Debug|Any CPU.Build.0 = Debug|Any CPU
		{E1B16875-A6B6-4927-B7EB-5E66CF8F60B2}.Debug|x64.ActiveCfg = Debug|x64
		{E1B16875-A6B6-4927-B7EB-5E66CF8F60B2}.Debug|x64.Build.0 = Debug|x64
		{E1B16875-A6B6-4927-B7EB-5E66CF8F60B2}.Debug|x86.ActiveCfg = Debug|x86
		{E1B16875-A6B6-4927-B7EB-5E66CF8F60B2}.Debug|x86.Build.0 = Debug|x86
		{E1B16875-A6B6-4927-B7EB-5E66CF8F60B2}.Release|Any CPU.ActiveCfg = Release|Any CPU
		{E1B16875-A6B6-4927-B7EB-5E66CF8F60B2}.Release|Any CPU.Build.0 = Release|Any CPU
		{E1B16875-A6B6-4927-B7EB-5E66CF8F60B2}.Release|x64.ActiveCfg = Release|x64
		{E1B16875-A6B6-4927-B7EB-5E66CF8F60B2}.Release|x64.Build.0 = Release|x64
		{E1B16875-A6B6-4927-B7EB-5E66CF8F60B2}.Release|x86.ActiveCfg = Release|x86
		{E1B16875-A6B6-4927-B7EB-5E66CF8F60B2}.Release|x86.Build.0 = Release|x86
		{8476DBF8-C67D-4489-B017-3DB3F8484795}.Debug|Any CPU.ActiveCfg = Debug|x64
		{8476DBF8-C67D-4489-B017-3DB3F8484795}.Debug|x64.ActiveCfg = Debug|x64
		{8476DBF8-C67D-4489-B017-3DB3F8484795}.Debug|x64.Build.0 = Debug|x64
		{8476DBF8-C67D-4489-B017-3DB3F8484795}.Debug|x64.Deploy.0 = Debug|x64
		{8476DBF8-C67D-4489-B017-3DB3F8484795}.Debug|x86.ActiveCfg = Debug|x86
		{8476DBF8-C67D-4489-B017-3DB3F8484795}.Debug|x86.Build.0 = Debug|x86
		{8476DBF8-C67D-4489-B017-3DB3F8484795}.Debug|x86.Deploy.0 = Debug|x86
		{8476DBF8-C67D-4489-B017-3DB3F8484795}.Release|Any CPU.ActiveCfg = Release|x64
		{8476DBF8-C67D-4489-B017-3DB3F8484795}.Release|x64.ActiveCfg = Release|x64
		{8476DBF8-C67D-4489-B017-3DB3F8484795}.Release|x64.Build.0 = Release|x64
		{8476DBF8-C67D-4489-B017-3DB3F8484795}.Release|x64.Deploy.0 = Release|x64
		{8476DBF8-C67D-4489-B017-3DB3F8484795}.Release|x86.ActiveCfg = Release|x86
		{8476DBF8-C67D-4489-B017-3DB3F8484795}.Release|x86.Build.0 = Release|x86
		{8476DBF8-C67D-4489-B017-3DB3F8484795}.Release|x86.Deploy.0 = Release|x86
	EndGlobalSection
	GlobalSection(SolutionProperties) = preSolution
		HideSolutionNode = FALSE
	EndGlobalSection
	GlobalSection(ExtensibilityGlobals) = postSolution
		SolutionGuid = {E0E081C3-2240-45C5-B84C-7DABE12E6DEE}
	EndGlobalSection
EndGlobal
